
Microsoft Visual Studio Solution File, Format Version 12.00
# Visual Studio Version 17
VisualStudioVersion = 17.14.36518.9
MinimumVisualStudioVersion = 10.0.40219.1
Project("{FAE04EC0-301F-11D3-BF4B-00C04F79EFBC}") = "Tutorial_Ex01_Times", "Tutorial_Ex01_Times\Tutorial_Ex01_Times.csproj", "{4242A936-734A-4593-841D-515A2669A926}"
EndProject
Project("{FAE04EC0-301F-11D3-BF4B-00C04F79EFBC}") = "Tutorial_Ex02_Security", "Tutorial_Ex02_Security\Tutorial_Ex02_Security.csproj", "{9EA85765-A015-46C5-BABC-0537A5816379}"
EndProject
Project("{FAE04EC0-301F-11D3-BF4B-00C04F79EFBC}") = "Tutorial_Ex03_UrgencyChart", "Tutorial_Ex03_UrgencyChart\Tutorial_Ex03_UrgencyChart.csproj", "{79A2268F-634E-4C28-A08F-B0590F5DCC19}"
EndProject
Project("{FAE04EC0-301F-11D3-BF4B-00C04F79EFBC}") = "Tutorial_Ex04_StockForeach", "Tutorial_Ex04_StockForeach\Tutorial_Ex04_StockForeach.csproj", "{F3591881-5114-4140-884C-4A371647A079}"
EndProject
Project("{FAE04EC0-301F-11D3-BF4B-00C04F79EFBC}") = "Tutorial_Ex05_ClinicMatrix", "Tutorial_Ex05_ClinicMatrix\Tutorial_Ex05_ClinicMatrix.csproj", "{6FC05C4C-86B8-4A92-A383-981FB3505991}"
EndProject
Project("{FAE04EC0-301F-11D3-BF4B-00C04F79EFBC}") = "Tutorial_Ex06_DataValidation", "Tutorial_Ex06_DataValidation\Tutorial_Ex06_DataValidation.csproj", "{94D397AA-1801-43FC-B21F-56B5CBEFAAF6}"
EndProject
Project("{FAE04EC0-301F-11D3-BF4B-00C04F79EFBC}") = "Tutorial_Ex07_PediatricsDischargeSystem", "Tutorial_Ex07_PediatricsDischargeSystem\Tutorial_Ex07_PediatricsDischargeSystem.csproj", "{69F827EB-5AB7-4C5F-AA8D-80D04B6FBF9E}"
EndProject
Project("{FAE04EC0-301F-11D3-BF4B-00C04F79EFBC}") = "Tutorial_Ex08_MultifunctionWaitingList", "Tutorial_Ex08_MultifunctionWaitingList\Tutorial_Ex08_MultifunctionWaitingList.csproj", "{7733CF5B-BB36-4C17-8610-B2026D033F41}"
EndProject
Global
	GlobalSection(SolutionConfigurationPlatforms) = preSolution
		Debug|Any CPU = Debug|Any CPU
		Release|Any CPU = Release|Any CPU
	EndGlobalSection
	GlobalSection(ProjectConfigurationPlatforms) = postSolution
		{4242A936-734A-4593-841D-515A2669A926}.Debug|Any CPU.ActiveCfg = Debug|Any CPU
		{4242A936-734A-4593-841D-515A2669A926}.Debug|Any CPU.Build.0 = Debug|Any CPU
		{4242A936-734A-4593-841D-515A2669A926}.Release|Any CPU.ActiveCfg = Release|Any CPU
		{4242A936-734A-4593-841D-515A2669A926}.Release|Any CPU.Build.0 = Release|Any CPU
		{9EA85765-A015-46C5-BABC-0537A5816379}.Debug|Any CPU.ActiveCfg = Debug|Any CPU
		{9EA85765-A015-46C5-BABC-0537A5816379}.Debug|Any CPU.Build.0 = Debug|Any CPU
		{9EA85765-A015-46C5-BABC-0537A5816379}.Release|Any CPU.ActiveCfg = Release|Any CPU
		{9EA85765-A015-46C5-BABC-0537A5816379}.Release|Any CPU.Build.0 = Release|Any CPU
		{79A2268F-634E-4C28-A08F-B0590F5DCC19}.Debug|Any CPU.ActiveCfg = Debug|Any CPU
		{79A2268F-634E-4C28-A08F-B0590F5DCC19}.Debug|Any CPU.Build.0 = Debug|Any CPU
		{79A2268F-634E-4C28-A08F-B0590F5DCC19}.Release|Any CPU.ActiveCfg = Release|Any CPU
		{79A2268F-634E-4C28-A08F-B0590F5DCC19}.Release|Any CPU.Build.0 = Release|Any CPU
		{F3591881-5114-4140-884C-4A371647A079}.Debug|Any CPU.ActiveCfg = Debug|Any CPU
		{F3591881-5114-4140-884C-4A371647A079}.Debug|Any CPU.Build.0 = Debug|Any CPU
		{F3591881-5114-4140-884C-4A371647A079}.Release|Any CPU.ActiveCfg = Release|Any CPU
		{F3591881-5114-4140-884C-4A371647A079}.Release|Any CPU.Build.0 = Release|Any CPU
		{6FC05C4C-86B8-4A92-A383-981FB3505991}.Debug|Any CPU.ActiveCfg = Debug|Any CPU
		{6FC05C4C-86B8-4A92-A383-981FB3505991}.Debug|Any CPU.Build.0 = Debug|Any CPU
		{6FC05C4C-86B8-4A92-A383-981FB3505991}.Release|Any CPU.ActiveCfg = Release|Any CPU
		{6FC05C4C-86B8-4A92-A383-981FB3505991}.Release|Any CPU.Build.0 = Release|Any CPU
		{94D397AA-1801-43FC-B21F-56B5CBEFAAF6}.Debug|Any CPU.ActiveCfg = Debug|Any CPU
		{94D397AA-1801-43FC-B21F-56B5CBEFAAF6}.Debug|Any CPU.Build.0 = Debug|Any CPU
		{94D397AA-1801-43FC-B21F-56B5CBEFAAF6}.Release|Any CPU.ActiveCfg = Release|Any CPU
		{94D397AA-1801-43FC-B21F-56B5CBEFAAF6}.Release|Any CPU.Build.0 = Release|Any CPU
		{69F827EB-5AB7-4C5F-AA8D-80D04B6FBF9E}.Debug|Any CPU.ActiveCfg = Debug|Any CPU
		{69F827EB-5AB7-4C5F-AA8D-80D04B6FBF9E}.Debug|Any CPU.Build.0 = Debug|Any CPU
		{69F827EB-5AB7-4C5F-AA8D-80D04B6FBF9E}.Release|Any CPU.ActiveCfg = Release|Any CPU
		{69F827EB-5AB7-4C5F-AA8D-80D04B6FBF9E}.Release|Any CPU.Build.0 = Release|Any CPU
		{7733CF5B-BB36-4C17-8610-B2026D033F41}.Debug|Any CPU.ActiveCfg = Debug|Any CPU
		{7733CF5B-BB36-4C17-8610-B2026D033F41}.Debug|Any CPU.Build.0 = Debug|Any CPU
		{7733CF5B-BB36-4C17-8610-B2026D033F41}.Release|Any CPU.ActiveCfg = Release|Any CPU
		{7733CF5B-BB36-4C17-8610-B2026D033F41}.Release|Any CPU.Build.0 = Release|Any CPU
	EndGlobalSection
	GlobalSection(SolutionProperties) = preSolution
		HideSolutionNode = FALSE
	EndGlobalSection
	GlobalSection(ExtensibilityGlobals) = postSolution
		SolutionGuid = {6229A07A-598D-46B4-8F53-D4E45EA0A36F}
	EndGlobalSection
EndGlobal
